
Microsoft Visual Studio Solution File, Format Version 12.00
# Visual Studio Version 17
VisualStudioVersion = 17.5.33502.453
MinimumVisualStudioVersion = 10.0.40219.1
Project("{FAE04EC0-301F-11D3-BF4B-00C04F79EFBC}") = "Kaartenspel", "Kaartenspel\Kaartenspel.csproj", "{FAF83DE9-2244-4592-9477-69CA1818E591}"
EndProject
Global
	GlobalSection(SolutionConfigurationPlatforms) = preSolution
		Debug|Any CPU = Debug|Any CPU
		Release|Any CPU = Release|Any CPU
	EndGlobalSection
	GlobalSection(ProjectConfigurationPlatforms) = postSolution
		{FAF83DE9-2244-4592-9477-69CA1818E591}.Debug|Any CPU.ActiveCfg = Debug|Any CPU
		{FAF83DE9-2244-4592-9477-69CA1818E591}.Debug|Any CPU.Build.0 = Debug|Any CPU
		{FAF83DE9-2244-4592-9477-69CA1818E591}.Release|Any CPU.ActiveCfg = Release|Any CPU
		{FAF83DE9-2244-4592-9477-69CA1818E591}.Release|Any CPU.Build.0 = Release|Any CPU
	EndGlobalSection
	GlobalSection(SolutionProperties) = preSolution
		HideSolutionNode = FALSE
	EndGlobalSection
	GlobalSection(ExtensibilityGlobals) = postSolution
		SolutionGuid = {54A051B7-54FD-4818-9139-1A1D5E1023C3}
	EndGlobalSection
EndGlobal
